PODS:
  - Flutter (1.0.0)
  - FMDB (2.7.5):
    - FMDB/standard (= 2.7.5)
  - FMDB/standard (2.7.5)
  - sqflite (0.0.3):
    - Flutter
    - FMDB (>= 2.7.5)
  - wifi_iot (0.0.1):
    - Flutter
  - wifi_scan (0.0.1):
    - Flutter

DEPENDENCIES:
  - Flutter (from `Flutter`)
  - sqflite (from `.symlinks/plugins/sqflite/ios`)
  - wifi_iot (from `.symlinks/plugins/wifi_iot/ios`)
  - wifi_scan (from `.symlinks/plugins/wifi_scan/ios`)

SPEC REPOS:
  trunk:
    - FMDB

EXTERNAL SOURCES:
  Flutter:
    :path: Flutter
  sqflite:
    :path: ".symlinks/plugins/sqflite/ios"
  wifi_iot:
    :path: ".symlinks/plugins/wifi_iot/ios"
  wifi_scan:
    :path: ".symlinks/plugins/wifi_scan/ios"

SPEC CHECKSUMS:
  Flutter: f04841e97a9d0b0a8025694d0796dd46242b2854
  FMDB: 2ce00b547f966261cd18927a3ddb07cb6f3db82a
  sqflite: 31f7eba61e3074736dff8807a9b41581e4f7f15a
  wifi_iot: b5aafd6f9b52f8a357383a1deabab45f31cd602d
  wifi_scan: 6d20b3b4f59bbad1ddcf3e241560f3acd62f6cbe

PODFILE CHECKSUM: 70d9d25280d0dd177a5f637cdb0f0b0b12c6a189

COCOAPODS: 1.14.2
